// !$*UTF8*$!
{
	archiveVersion = 1;
	classes = {
	};
	objectVersion = 56;
	objects = {

/* Begin PBXBuildFile section */
		6077F54F295197A8008415A5 /* AppDelegate.swift in Sources */ = {isa = PBXBuildFile; fileRef = 6077F54E295197A8008415A5 /* AppDelegate.swift */; };
		6077F551295197A8008415A5 /* SceneDelegate.swift in Sources */ = {isa = PBXBuildFile; fileRef = 6077F550295197A8008415A5 /* SceneDelegate.swift */; };
		6077F553295197A8008415A5 /* LoginViewController.swift in Sources */ = {isa = PBXBuildFile; fileRef = 6077F552295197A8008415A5 /* LoginViewController.swift */; };
		6077F558295197AA008415A5 /* Assets.xcassets in Resources */ = {isa = PBXBuildFile; fileRef = 6077F557295197AA008415A5 /* Assets.xcassets */; };
		6077F55B295197AA008415A5 /* LaunchScreen.storyboard in Resources */ = {isa = PBXBuildFile; fileRef = 6077F559295197AA008415A5 /* LaunchScreen.storyboard */; };
		60C2C4CF29519DD2008A3B11 /* StreamChat in Frameworks */ = {isa = PBXBuildFile; productRef = 60C2C4CE29519DD2008A3B11 /* StreamChat */; };
		60C2C4D129519DD2008A3B11 /* StreamChatUI in Frameworks */ = {isa = PBXBuildFile; productRef = 60C2C4D029519DD2008A3B11 /* StreamChatUI */; };
		60C2C4D429519DEB008A3B11 /* SnapKit in Frameworks */ = {isa = PBXBuildFile; productRef = 60C2C4D329519DEB008A3B11 /* SnapKit */; };
		60F163F9295438FC003DC230 /* ChatManager.swift in Sources */ = {isa = PBXBuildFile; fileRef = 60F163F8295438FC003DC230 /* ChatManager.swift */; };
		60F163FB29544AE4003DC230 /* SettingsViewController.swift in Sources */ = {isa = PBXBuildFile; fileRef = 60F163FA29544AE4003DC230 /* SettingsViewController.swift */; };
		60F163FD29544AF1003DC230 /* TabBarViewController.swift in Sources */ = {isa = PBXBuildFile; fileRef = 60F163FC29544AF1003DC230 /* TabBarViewController.swift */; };
/* End PBXBuildFile section */

/* Begin PBXFileReference section */
		6077F54B295197A8008415A5 /* iOSChitChat.app */ = {isa = PBXFileReference; explicitFileType = wrapper.application; includeInIndex = 0; path = iOSChitChat.app; sourceTree = BUILT_PRODUCTS_DIR; };
		6077F54E295197A8008415A5 /* AppDelegate.swift */ = {isa = PBXFileReference; lastKnownFileType = sourcecode.swift; path = AppDelegate.swift; sourceTree = "<group>"; };
		6077F550295197A8008415A5 /* SceneDelegate.swift */ = {isa = PBXFileReference; lastKnownFileType = sourcecode.swift; path = SceneDelegate.swift; sourceTree = "<group>"; };
		6077F552295197A8008415A5 /* LoginViewController.swift */ = {isa = PBXFileReference; lastKnownFileType = sourcecode.swift; path = LoginViewController.swift; sourceTree = "<group>"; };
		6077F557295197AA008415A5 /* Assets.xcassets */ = {isa = PBXFileReference; lastKnownFileType = folder.assetcatalog; path = Assets.xcassets; sourceTree = "<group>"; };
		6077F55A295197AA008415A5 /* Base */ = {isa = PBXFileReference; lastKnownFileType = file.storyboard; name = Base; path = Base.lproj/LaunchScreen.storyboard; sourceTree = "<group>"; };
		6077F55C295197AA008415A5 /* Info.plist */ = {isa = PBXFileReference; lastKnownFileType = text.plist.xml; path = Info.plist; sourceTree = "<group>"; };
		60F163F8295438FC003DC230 /* ChatManager.swift */ = {isa = PBXFileReference; lastKnownFileType = sourcecode.swift; path = ChatManager.swift; sourceTree = "<group>"; };
		60F163FA29544AE4003DC230 /* SettingsViewController.swift */ = {isa = PBXFileReference; lastKnownFileType = sourcecode.swift; path = SettingsViewController.swift; sourceTree = "<group>"; };
		60F163FC29544AF1003DC230 /* TabBarViewController.swift */ = {isa = PBXFileReference; lastKnownFileType = sourcecode.swift; path = TabBarViewController.swift; sourceTree = "<group>"; };
/* End PBXFileReference section */

/* Begin PBXFrameworksBuildPhase section */
		6077F548295197A8008415A5 /* Frameworks */ = {
			isa = PBXFrameworksBuildPhase;
			buildActionMask = 2147483647;
			files = (
				60C2C4D429519DEB008A3B11 /* SnapKit in Frameworks */,
				60C2C4D129519DD2008A3B11 /* StreamChatUI in Frameworks */,
				60C2C4CF29519DD2008A3B11 /* StreamChat in Frameworks */,
			);
			runOnlyForDeploymentPostprocessing = 0;
		};
/* End PBXFrameworksBuildPhase section */

/* Begin PBXGroup section */
		6077F542295197A8008415A5 = {
			isa = PBXGroup;
			children = (
				6077F54D295197A8008415A5 /* iOSChitChat */,
				6077F54C295197A8008415A5 /* Products */,
			);
			sourceTree = "<group>";
		};
		6077F54C295197A8008415A5 /* Products */ = {
			isa = PBXGroup;
			children = (
				6077F54B295197A8008415A5 /* iOSChitChat.app */,
			);
			name = Products;
			sourceTree = "<group>";
		};
		6077F54D295197A8008415A5 /* iOSChitChat */ = {
			isa = PBXGroup;
			children = (
				60F163F7295438BA003DC230 /* Others */,
				60F163F6295438AE003DC230 /* Managers */,
				60F163F5295438A7003DC230 /* Views */,
				60F163F42954389E003DC230 /* Controller */,
				6077F55C295197AA008415A5 /* Info.plist */,
			);
			path = iOSChitChat;
			sourceTree = "<group>";
		};
		60F163F42954389E003DC230 /* Controller */ = {
			isa = PBXGroup;
			children = (
				6077F552295197A8008415A5 /* LoginViewController.swift */,
				60F163FA29544AE4003DC230 /* SettingsViewController.swift */,
				60F163FC29544AF1003DC230 /* TabBarViewController.swift */,
			);
			path = Controller;
			sourceTree = "<group>";
		};
		60F163F5295438A7003DC230 /* Views */ = {
			isa = PBXGroup;
			children = (
			);
			path = Views;
			sourceTree = "<group>";
		};
		60F163F6295438AE003DC230 /* Managers */ = {
			isa = PBXGroup;
			children = (
				60F163F8295438FC003DC230 /* ChatManager.swift */,
			);
			path = Managers;
			sourceTree = "<group>";
		};
		60F163F7295438BA003DC230 /* Others */ = {
			isa = PBXGroup;
			children = (
				6077F54E295197A8008415A5 /* AppDelegate.swift */,
				6077F550295197A8008415A5 /* SceneDelegate.swift */,
				6077F559295197AA008415A5 /* LaunchScreen.storyboard */,
				6077F557295197AA008415A5 /* Assets.xcassets */,
			);
			path = Others;
			sourceTree = "<group>";
		};
/* End PBXGroup section */

/* Begin PBXNativeTarget section */
		6077F54A295197A8008415A5 /* iOSChitChat */ = {
			isa = PBXNativeTarget;
			buildConfigurationList = 6077F55F295197AA008415A5 /* Build configuration list for PBXNativeTarget "iOSChitChat" */;
			buildPhases = (
				6077F547295197A8008415A5 /* Sources */,
				6077F548295197A8008415A5 /* Frameworks */,
				6077F549295197A8008415A5 /* Resources */,
			);
			buildRules = (
			);
			dependencies = (
			);
			name = iOSChitChat;
			packageProductDependencies = (
				60C2C4CE29519DD2008A3B11 /* StreamChat */,
				60C2C4D029519DD2008A3B11 /* StreamChatUI */,
				60C2C4D329519DEB008A3B11 /* SnapKit */,
			);
			productName = iOSChitChat;
			productReference = 6077F54B295197A8008415A5 /* iOSChitChat.app */;
			productType = "com.apple.product-type.application";
		};
/* End PBXNativeTarget section */

/* Begin PBXProject section */
		6077F543295197A8008415A5 /* Project object */ = {
			isa = PBXProject;
			attributes = {
				BuildIndependentTargetsInParallel = 1;
				LastSwiftUpdateCheck = 1420;
				LastUpgradeCheck = 1420;
				TargetAttributes = {
					6077F54A295197A8008415A5 = {
						CreatedOnToolsVersion = 14.2;
					};
				};
			};
			buildConfigurationList = 6077F546295197A8008415A5 /* Build configuration list for PBXProject "iOSChitChat" */;
			compatibilityVersion = "Xcode 14.0";
			developmentRegion = en;
			hasScannedForEncodings = 0;
			knownRegions = (
				en,
				Base,
			);
			mainGroup = 6077F542295197A8008415A5;
			packageReferences = (
				60C2C4CD29519DD2008A3B11 /* XCRemoteSwiftPackageReference "stream-chat-swift" */,
				60C2C4D229519DEB008A3B11 /* XCRemoteSwiftPackageReference "SnapKit" */,
			);
			productRefGroup = 6077F54C295197A8008415A5 /* Products */;
			projectDirPath = "";
			projectRoot = "";
			targets = (
				6077F54A295197A8008415A5 /* iOSChitChat */,
			);
		};
/* End PBXProject section */

/* Begin PBXResourcesBuildPhase section */
		6077F549295197A8008415A5 /* Resources */ = {
			isa = PBXResourcesBuildPhase;
			buildActionMask = 2147483647;
			files = (
				6077F55B295197AA008415A5 /* LaunchScreen.storyboard in Resources */,
				6077F558295197AA008415A5 /* Assets.xcassets in Resources */,
			);
			runOnlyForDeploymentPostprocessing = 0;
		};
/* End PBXResourcesBuildPhase section */

/* Begin PBXSourcesBuildPhase section */
		6077F547295197A8008415A5 /* Sources */ = {
			isa = PBXSourcesBuildPhase;
			buildActionMask = 2147483647;
			files = (
				6077F553295197A8008415A5 /* LoginViewController.swift in Sources */,
				6077F54F295197A8008415A5 /* AppDelegate.swift in Sources */,
				6077F551295197A8008415A5 /* SceneDelegate.swift in Sources */,
				60F163FB29544AE4003DC230 /* SettingsViewController.swift in Sources */,
				60F163FD29544AF1003DC230 /* TabBarViewController.swift in Sources */,
				60F163F9295438FC003DC230 /* ChatManager.swift in Sources */,
			);
			runOnlyForDeploymentPostprocessing = 0;
		};
/* End PBXSourcesBuildPhase section */

/* Begin PBXVariantGroup section */
		6077F559295197AA008415A5 /* LaunchScreen.storyboard */ = {
			isa = PBXVariantGroup;
			children = (
				6077F55A295197AA008415A5 /* Base */,
			);
			name = LaunchScreen.storyboard;
			sourceTree = "<group>";
		};
/* End PBXVariantGroup section */

/* Begin XCBuildConfiguration section */
		6077F55D295197AA008415A5 /* Debug */ = {
			isa = XCBuildConfiguration;
			buildSettings = {
				ALWAYS_SEARCH_USER_PATHS = NO;
				CLANG_ANALYZER_NONNULL = YES;
				CLANG_ANALYZER_NUMBER_OBJECT_CONVERSION = YES_AGGRESSIVE;
				CLANG_CXX_LANGUAGE_STANDARD = "gnu++20";
				CLANG_ENABLE_MODULES = YES;
				CLANG_ENABLE_OBJC_ARC = YES;
				CLANG_ENABLE_OBJC_WEAK = YES;
				CLANG_WARN_BLOCK_CAPTURE_AUTORELEASING = YES;
				CLANG_WARN_BOOL_CONVERSION = YES;
				CLANG_WARN_COMMA = YES;
				CLANG_WARN_CONSTANT_CONVERSION = YES;
				CLANG_WARN_DEPRECATED_OBJC_IMPLEMENTATIONS = YES;
				CLANG_WARN_DIRECT_OBJC_ISA_USAGE = YES_ERROR;
				CLANG_WARN_DOCUMENTATION_COMMENTS = YES;
				CLANG_WARN_EMPTY_BODY = YES;
				CLANG_WARN_ENUM_CONVERSION = YES;
				CLANG_WARN_INFINITE_RECURSION = YES;
				CLANG_WARN_INT_CONVERSION = YES;
				CLANG_WARN_NON_LITERAL_NULL_CONVERSION = YES;
				CLANG_WARN_OBJC_IMPLICIT_RETAIN_SELF = YES;
				CLANG_WARN_OBJC_LITERAL_CONVERSION = YES;
				CLANG_WARN_OBJC_ROOT_CLASS = YES_ERROR;
				CLANG_WARN_QUOTED_INCLUDE_IN_FRAMEWORK_HEADER = YES;
				CLANG_WARN_RANGE_LOOP_ANALYSIS = YES;
				CLANG_WARN_STRICT_PROTOTYPES = YES;
				CLANG_WARN_SUSPICIOUS_MOVE = YES;
				CLANG_WARN_UNGUARDED_AVAILABILITY = YES_AGGRESSIVE;
				CLANG_WARN_UNREACHABLE_CODE = YES;
				CLANG_WARN__DUPLICATE_METHOD_MATCH = YES;
				COPY_PHASE_STRIP = NO;
				DEBUG_INFORMATION_FORMAT = dwarf;
				ENABLE_STRICT_OBJC_MSGSEND = YES;
				ENABLE_TESTABILITY = YES;
				GCC_C_LANGUAGE_STANDARD = gnu11;
				GCC_DYNAMIC_NO_PIC = NO;
				GCC_NO_COMMON_BLOCKS = YES;
				GCC_OPTIMIZATION_LEVEL = 0;
				GCC_PREPROCESSOR_DEFINITIONS = (
					"DEBUG=1",
					"$(inherited)",
				);
				GCC_WARN_64_TO_32_BIT_CONVERSION = YES;
				GCC_WARN_ABOUT_RETURN_TYPE = YES_ERROR;
				GCC_WARN_UNDECLARED_SELECTOR = YES;
				GCC_WARN_UNINITIALIZED_AUTOS = YES_AGGRESSIVE;
				GCC_WARN_UNUSED_FUNCTION = YES;
				GCC_WARN_UNUSED_VARIABLE = YES;
				IPHONEOS_DEPLOYMENT_TARGET = 16.2;
				MTL_ENABLE_DEBUG_INFO = INCLUDE_SOURCE;
				MTL_FAST_MATH = YES;
				ONLY_ACTIVE_ARCH = YES;
				SDKROOT = iphoneos;
				SWIFT_ACTIVE_COMPILATION_CONDITIONS = DEBUG;
				SWIFT_OPTIMIZATION_LEVEL = "-Onone";
			};
			name = Debug;
		};
		6077F55E295197AA008415A5 /* Release */ = {
			isa = XCBuildConfiguration;
			buildSettings = {
				ALWAYS_SEARCH_USER_PATHS = NO;
				CLANG_ANALYZER_NONNULL = YES;
				CLANG_ANALYZER_NUMBER_OBJECT_CONVERSION = YES_AGGRESSIVE;
				CLANG_CXX_LANGUAGE_STANDARD = "gnu++20";
				CLANG_ENABLE_MODULES = YES;
				CLANG_ENABLE_OBJC_ARC = YES;
				CLANG_ENABLE_OBJC_WEAK = YES;
				CLANG_WARN_BLOCK_CAPTURE_AUTORELEASING = YES;
				CLANG_WARN_BOOL_CONVERSION = YES;
				CLANG_WARN_COMMA = YES;
				CLANG_WARN_CONSTANT_CONVERSION = YES;
				CLANG_WARN_DEPRECATED_OBJC_IMPLEMENTATIONS = YES;
				CLANG_WARN_DIRECT_OBJC_ISA_USAGE = YES_ERROR;
				CLANG_WARN_DOCUMENTATION_COMMENTS = YES;
				CLANG_WARN_EMPTY_BODY = YES;
				CLANG_WARN_ENUM_CONVERSION = YES;
				CLANG_WARN_INFINITE_RECURSION = YES;
				CLANG_WARN_INT_CONVERSION = YES;
				CLANG_WARN_NON_LITERAL_NULL_CONVERSION = YES;
				CLANG_WARN_OBJC_IMPLICIT_RETAIN_SELF = YES;
				CLANG_WARN_OBJC_LITERAL_CONVERSION = YES;
				CLANG_WARN_OBJC_ROOT_CLASS = YES_ERROR;
				CLANG_WARN_QUOTED_INCLUDE_IN_FRAMEWORK_HEADER = YES;
				CLANG_WARN_RANGE_LOOP_ANALYSIS = YES;
				CLANG_WARN_STRICT_PROTOTYPES = YES;
				CLANG_WARN_SUSPICIOUS_MOVE = YES;
				CLANG_WARN_UNGUARDED_AVAILABILITY = YES_AGGRESSIVE;
				CLANG_WARN_UNREACHABLE_CODE = YES;
				CLANG_WARN__DUPLICATE_METHOD_MATCH = YES;
				COPY_PHASE_STRIP = NO;
				DEBUG_INFORMATION_FORMAT = "dwarf-with-dsym";
				ENABLE_NS_ASSERTIONS = NO;
				ENABLE_STRICT_OBJC_MSGSEND = YES;
				GCC_C_LANGUAGE_STANDARD = gnu11;
				GCC_NO_COMMON_BLOCKS = YES;
				GCC_WARN_64_TO_32_BIT_CONVERSION = YES;
				GCC_WARN_ABOUT_RETURN_TYPE = YES_ERROR;
				GCC_WARN_UNDECLARED_SELECTOR = YES;
				GCC_WARN_UNINITIALIZED_AUTOS = YES_AGGRESSIVE;
				GCC_WARN_UNUSED_FUNCTION = YES;
				GCC_WARN_UNUSED_VARIABLE = YES;
				IPHONEOS_DEPLOYMENT_TARGET = 16.2;
				MTL_ENABLE_DEBUG_INFO = NO;
				MTL_FAST_MATH = YES;
				SDKROOT = iphoneos;
				SWIFT_COMPILATION_MODE = wholemodule;
				SWIFT_OPTIMIZATION_LEVEL = "-O";
				VALIDATE_PRODUCT = YES;
			};
			name = Release;
		};
		6077F560295197AA008415A5 /* Debug */ = {
			isa = XCBuildConfiguration;
			buildSettings = {
				ASSETCATALOG_COMPILER_APPICON_NAME = AppIcon;
				ASSETCATALOG_COMPILER_GLOBAL_ACCENT_COLOR_NAME = AccentColor;
				CODE_SIGN_STYLE = Automatic;
				CURRENT_PROJECT_VERSION = 1;
				DEVELOPMENT_TEAM = 3NP4Z3WZ94;
				GENERATE_INFOPLIST_FILE = YES;
				INFOPLIST_FILE = iOSChitChat/Info.plist;
				INFOPLIST_KEY_UIApplicationSupportsIndirectInputEvents = YES;
				INFOPLIST_KEY_UILaunchStoryboardName = LaunchScreen;
				INFOPLIST_KEY_UISupportedInterfaceOrientations_iPad = "UIInterfaceOrientationPortrait UIInterfaceOrientationPortraitUpsideDown UIInterfaceOrientationLandscapeLeft UIInterfaceOrientationLandscapeRight";
				INFOPLIST_KEY_UISupportedInterfaceOrientations_iPhone = "UIInterfaceOrientationPortrait UIInterfaceOrientationLandscapeLeft UIInterfaceOrientationLandscapeRight";
				LD_RUNPATH_SEARCH_PATHS = (
					"$(inherited)",
					"@executable_path/Frameworks",
				);
				MARKETING_VERSION = 1.0;
				PRODUCT_BUNDLE_IDENTIFIER = com.seuhong.iOSChitChat;
				PRODUCT_NAME = "$(TARGET_NAME)";
				SWIFT_EMIT_LOC_STRINGS = YES;
				SWIFT_VERSION = 5.0;
				TARGETED_DEVICE_FAMILY = "1,2";
			};
			name = Debug;
		};
		6077F561295197AA008415A5 /* Release */ = {
			isa = XCBuildConfiguration;
			buildSettings = {
				ASSETCATALOG_COMPILER_APPICON_NAME = AppIcon;
				ASSETCATALOG_COMPILER_GLOBAL_ACCENT_COLOR_NAME = AccentColor;
				CODE_SIGN_STYLE = Automatic;
				CURRENT_PROJECT_VERSION = 1;
				DEVELOPMENT_TEAM = 3NP4Z3WZ94;
				GENERATE_INFOPLIST_FILE = YES;
				INFOPLIST_FILE = iOSChitChat/Info.plist;
				INFOPLIST_KEY_UIApplicationSupportsIndirectInputEvents = YES;
				INFOPLIST_KEY_UILaunchStoryboardName = LaunchScreen;
				INFOPLIST_KEY_UISupportedInterfaceOrientations_iPad = "UIInterfaceOrientationPortrait UIInterfaceOrientationPortraitUpsideDown UIInterfaceOrientationLandscapeLeft UIInterfaceOrientationLandscapeRight";
				INFOPLIST_KEY_UISupportedInterfaceOrientations_iPhone = "UIInterfaceOrientationPortrait UIInterfaceOrientationLandscapeLeft UIInterfaceOrientationLandscapeRight";
				LD_RUNPATH_SEARCH_PATHS = (
					"$(inherited)",
					"@executable_path/Frameworks",
				);
				MARKETING_VERSION = 1.0;
				PRODUCT_BUNDLE_IDENTIFIER = com.seuhong.iOSChitChat;
				PRODUCT_NAME = "$(TARGET_NAME)";
				SWIFT_EMIT_LOC_STRINGS = YES;
				SWIFT_VERSION = 5.0;
				TARGETED_DEVICE_FAMILY = "1,2";
			};
			name = Release;
		};
/* End XCBuildConfiguration section */

/* Begin XCConfigurationList section */
		6077F546295197A8008415A5 /* Build configuration list for PBXProject "iOSChitChat" */ = {
			isa = XCConfigurationList;
			buildConfigurations = (
				6077F55D295197AA008415A5 /* Debug */,
				6077F55E295197AA008415A5 /* Release */,
			);
			defaultConfigurationIsVisible = 0;
			defaultConfigurationName = Release;
		};
		6077F55F295197AA008415A5 /* Build configuration list for PBXNativeTarget "iOSChitChat" */ = {
			isa = XCConfigurationList;
			buildConfigurations = (
				6077F560295197AA008415A5 /* Debug */,
				6077F561295197AA008415A5 /* Release */,
			);
			defaultConfigurationIsVisible = 0;
			defaultConfigurationName = Release;
		};
/* End XCConfigurationList section */

/* Begin XCRemoteSwiftPackageReference section */
		60C2C4CD29519DD2008A3B11 /* XCRemoteSwiftPackageReference "stream-chat-swift" */ = {
			isa = XCRemoteSwiftPackageReference;
			repositoryURL = "https://github.com/GetStream/stream-chat-swift";
			requirement = {
				kind = upToNextMajorVersion;
				minimumVersion = 4.0.0;
			};
		};
		60C2C4D229519DEB008A3B11 /* XCRemoteSwiftPackageReference "SnapKit" */ = {
			isa = XCRemoteSwiftPackageReference;
			repositoryURL = "https://github.com/SnapKit/SnapKit.git";
			requirement = {
				branch = develop;
				kind = branch;
			};
		};
/* End XCRemoteSwiftPackageReference section */

/* Begin XCSwiftPackageProductDependency section */
		60C2C4CE29519DD2008A3B11 /* StreamChat */ = {
			isa = XCSwiftPackageProductDependency;
			package = 60C2C4CD29519DD2008A3B11 /* XCRemoteSwiftPackageReference "stream-chat-swift" */;
			productName = StreamChat;
		};
		60C2C4D029519DD2008A3B11 /* StreamChatUI */ = {
			isa = XCSwiftPackageProductDependency;
			package = 60C2C4CD29519DD2008A3B11 /* XCRemoteSwiftPackageReference "stream-chat-swift" */;
			productName = StreamChatUI;
		};
		60C2C4D329519DEB008A3B11 /* SnapKit */ = {
			isa = XCSwiftPackageProductDependency;
			package = 60C2C4D229519DEB008A3B11 /* XCRemoteSwiftPackageReference "SnapKit" */;
			productName = SnapKit;
		};
/* End XCSwiftPackageProductDependency section */
	};
	rootObject = 6077F543295197A8008415A5 /* Project object */;
}
