// !$*UTF8*$!
{
	archiveVersion = 1;
	classes = {
	};
	objectVersion = 55;
	objects = {

/* Begin PBXBuildFile section */
		6046795F28D2E159007EC8B2 /* ProfileViewController.swift in Sources */ = {isa = PBXBuildFile; fileRef = 6046795E28D2E159007EC8B2 /* ProfileViewController.swift */; };
		6046796328D2E49C007EC8B2 /* ProfileCollectionViewCell.swift in Sources */ = {isa = PBXBuildFile; fileRef = 6046796128D2E49C007EC8B2 /* ProfileCollectionViewCell.swift */; };
		6046796428D2E49C007EC8B2 /* ProfileCollectionViewCell.xib in Resources */ = {isa = PBXBuildFile; fileRef = 6046796228D2E49C007EC8B2 /* ProfileCollectionViewCell.xib */; };
		6046796928D2F7C6007EC8B2 /* PostCollectionViewCell.swift in Sources */ = {isa = PBXBuildFile; fileRef = 6046796728D2F7C6007EC8B2 /* PostCollectionViewCell.swift */; };
		6046796A28D2F7C6007EC8B2 /* PostCollectionViewCell.xib in Resources */ = {isa = PBXBuildFile; fileRef = 6046796828D2F7C6007EC8B2 /* PostCollectionViewCell.xib */; };
		604DC5C328D4119A005228D4 /* FeedAPIInput.swift in Sources */ = {isa = PBXBuildFile; fileRef = 604DC5C228D4119A005228D4 /* FeedAPIInput.swift */; };
		604DC5C528D4127B005228D4 /* FeedModel.swift in Sources */ = {isa = PBXBuildFile; fileRef = 604DC5C428D4127B005228D4 /* FeedModel.swift */; };
		604DC5C728D412BD005228D4 /* FeedDataManager.swift in Sources */ = {isa = PBXBuildFile; fileRef = 604DC5C628D412BD005228D4 /* FeedDataManager.swift */; };
		6064A35528CF05580045F533 /* AppDelegate.swift in Sources */ = {isa = PBXBuildFile; fileRef = 6064A35428CF05580045F533 /* AppDelegate.swift */; };
		6064A35728CF05580045F533 /* SceneDelegate.swift in Sources */ = {isa = PBXBuildFile; fileRef = 6064A35628CF05580045F533 /* SceneDelegate.swift */; };
		6064A35C28CF05580045F533 /* Main.storyboard in Resources */ = {isa = PBXBuildFile; fileRef = 6064A35A28CF05580045F533 /* Main.storyboard */; };
		6064A35E28CF055B0045F533 /* Assets.xcassets in Resources */ = {isa = PBXBuildFile; fileRef = 6064A35D28CF055B0045F533 /* Assets.xcassets */; };
		6064A36128CF055B0045F533 /* LaunchScreen.storyboard in Resources */ = {isa = PBXBuildFile; fileRef = 6064A35F28CF055B0045F533 /* LaunchScreen.storyboard */; };
		6064A36928CF15D80045F533 /* UIColor+Extension.swift in Sources */ = {isa = PBXBuildFile; fileRef = 6064A36828CF15D80045F533 /* UIColor+Extension.swift */; };
		6064A36B28CF170A0045F533 /* LoginViewController.swift in Sources */ = {isa = PBXBuildFile; fileRef = 6064A36A28CF170A0045F533 /* LoginViewController.swift */; };
		6064A36D28CF1D340045F533 /* RegisterViewController.swift in Sources */ = {isa = PBXBuildFile; fileRef = 6064A36C28CF1D340045F533 /* RegisterViewController.swift */; };
		6072C91328D063B900549415 /* HomeViewController.swift in Sources */ = {isa = PBXBuildFile; fileRef = 6072C91228D063B900549415 /* HomeViewController.swift */; };
		6072C91628D0870600549415 /* FeedTableViewCell.swift in Sources */ = {isa = PBXBuildFile; fileRef = 6072C91428D0870600549415 /* FeedTableViewCell.swift */; };
		6072C91728D0870600549415 /* FeedTableViewCell.xib in Resources */ = {isa = PBXBuildFile; fileRef = 6072C91528D0870600549415 /* FeedTableViewCell.xib */; };
		607B429928D02BEB00B1BAE8 /* UserInfo.swift in Sources */ = {isa = PBXBuildFile; fileRef = 607B429828D02BEB00B1BAE8 /* UserInfo.swift */; };
		6084DCD028CF61360060FBE9 /* UIView+Extenstion.swift in Sources */ = {isa = PBXBuildFile; fileRef = 6084DCCF28CF61360060FBE9 /* UIView+Extenstion.swift */; };
		6084DCD228CF626E0060FBE9 /* UIViewController+Extension.swift in Sources */ = {isa = PBXBuildFile; fileRef = 6084DCD128CF626E0060FBE9 /* UIViewController+Extension.swift */; };
		60CF792528D42EE60097FF3F /* FeedUploadInput.swift in Sources */ = {isa = PBXBuildFile; fileRef = 60CF792428D42EE60097FF3F /* FeedUploadInput.swift */; };
		60CF792728D42F1B0097FF3F /* FeedUploadModel.swift in Sources */ = {isa = PBXBuildFile; fileRef = 60CF792628D42F1B0097FF3F /* FeedUploadModel.swift */; };
		60CF792928D42FE20097FF3F /* FeedUploadDataManager.swift in Sources */ = {isa = PBXBuildFile; fileRef = 60CF792828D42FE20097FF3F /* FeedUploadDataManager.swift */; };
		60DE989428D17F9A00B2A9D3 /* StoryTableViewCell.swift in Sources */ = {isa = PBXBuildFile; fileRef = 60DE989228D17F9A00B2A9D3 /* StoryTableViewCell.swift */; };
		60DE989528D17F9A00B2A9D3 /* StoryTableViewCell.xib in Resources */ = {isa = PBXBuildFile; fileRef = 60DE989328D17F9A00B2A9D3 /* StoryTableViewCell.xib */; };
		60DE989928D1836700B2A9D3 /* StoryCollectionViewCell.swift in Sources */ = {isa = PBXBuildFile; fileRef = 60DE989728D1836700B2A9D3 /* StoryCollectionViewCell.swift */; };
		60DE989A28D1836700B2A9D3 /* StoryCollectionViewCell.xib in Resources */ = {isa = PBXBuildFile; fileRef = 60DE989828D1836700B2A9D3 /* StoryCollectionViewCell.xib */; };
		60F44D5228D4524100CB9E34 /* UserFeedModel.swift in Sources */ = {isa = PBXBuildFile; fileRef = 60F44D5128D4524100CB9E34 /* UserFeedModel.swift */; };
		60F44D5428D4562500CB9E34 /* UserFeedDataManager.swift in Sources */ = {isa = PBXBuildFile; fileRef = 60F44D5328D4562500CB9E34 /* UserFeedDataManager.swift */; };
		71E3CCA5F56E623D27D4AA22 /* Pods_Catstagram.framework in Frameworks */ = {isa = PBXBuildFile; fileRef = 058F6F50C7C886177BC79532 /* Pods_Catstagram.framework */; };
/* End PBXBuildFile section */

/* Begin PBXFileReference section */
		058F6F50C7C886177BC79532 /* Pods_Catstagram.framework */ = {isa = PBXFileReference; explicitFileType = wrapper.framework; includeInIndex = 0; path = Pods_Catstagram.framework; sourceTree = BUILT_PRODUCTS_DIR; };
		579EAC65B6276FACF4FEB8CD /* Pods-Catstagram.debug.xcconfig */ = {isa = PBXFileReference; includeInIndex = 1; lastKnownFileType = text.xcconfig; name = "Pods-Catstagram.debug.xcconfig"; path = "Target Support Files/Pods-Catstagram/Pods-Catstagram.debug.xcconfig"; sourceTree = "<group>"; };
		6046795E28D2E159007EC8B2 /* ProfileViewController.swift */ = {isa = PBXFileReference; lastKnownFileType = sourcecode.swift; path = ProfileViewController.swift; sourceTree = "<group>"; };
		6046796128D2E49C007EC8B2 /* ProfileCollectionViewCell.swift */ = {isa = PBXFileReference; lastKnownFileType = sourcecode.swift; path = ProfileCollectionViewCell.swift; sourceTree = "<group>"; };
		6046796228D2E49C007EC8B2 /* ProfileCollectionViewCell.xib */ = {isa = PBXFileReference; lastKnownFileType = file.xib; path = ProfileCollectionViewCell.xib; sourceTree = "<group>"; };
		6046796728D2F7C6007EC8B2 /* PostCollectionViewCell.swift */ = {isa = PBXFileReference; lastKnownFileType = sourcecode.swift; path = PostCollectionViewCell.swift; sourceTree = "<group>"; };
		6046796828D2F7C6007EC8B2 /* PostCollectionViewCell.xib */ = {isa = PBXFileReference; lastKnownFileType = file.xib; path = PostCollectionViewCell.xib; sourceTree = "<group>"; };
		604DC5C228D4119A005228D4 /* FeedAPIInput.swift */ = {isa = PBXFileReference; lastKnownFileType = sourcecode.swift; path = FeedAPIInput.swift; sourceTree = "<group>"; };
		604DC5C428D4127B005228D4 /* FeedModel.swift */ = {isa = PBXFileReference; lastKnownFileType = sourcecode.swift; path = FeedModel.swift; sourceTree = "<group>"; };
		604DC5C628D412BD005228D4 /* FeedDataManager.swift */ = {isa = PBXFileReference; lastKnownFileType = sourcecode.swift; path = FeedDataManager.swift; sourceTree = "<group>"; };
		6064A35128CF05580045F533 /* Catstagram.app */ = {isa = PBXFileReference; explicitFileType = wrapper.application; includeInIndex = 0; path = Catstagram.app; sourceTree = BUILT_PRODUCTS_DIR; };
		6064A35428CF05580045F533 /* AppDelegate.swift */ = {isa = PBXFileReference; lastKnownFileType = sourcecode.swift; path = AppDelegate.swift; sourceTree = "<group>"; };
		6064A35628CF05580045F533 /* SceneDelegate.swift */ = {isa = PBXFileReference; lastKnownFileType = sourcecode.swift; path = SceneDelegate.swift; sourceTree = "<group>"; };
		6064A35B28CF05580045F533 /* Base */ = {isa = PBXFileReference; lastKnownFileType = file.storyboard; name = Base; path = Base.lproj/Main.storyboard; sourceTree = "<group>"; };
		6064A35D28CF055B0045F533 /* Assets.xcassets */ = {isa = PBXFileReference; lastKnownFileType = folder.assetcatalog; path = Assets.xcassets; sourceTree = "<group>"; };
		6064A36028CF055B0045F533 /* Base */ = {isa = PBXFileReference; lastKnownFileType = file.storyboard; name = Base; path = Base.lproj/LaunchScreen.storyboard; sourceTree = "<group>"; };
		6064A36228CF055B0045F533 /* Info.plist */ = {isa = PBXFileReference; lastKnownFileType = text.plist.xml; path = Info.plist; sourceTree = "<group>"; };
		6064A36828CF15D80045F533 /* UIColor+Extension.swift */ = {isa = PBXFileReference; lastKnownFileType = sourcecode.swift; path = "UIColor+Extension.swift"; sourceTree = "<group>"; };
		6064A36A28CF170A0045F533 /* LoginViewController.swift */ = {isa = PBXFileReference; lastKnownFileType = sourcecode.swift; path = LoginViewController.swift; sourceTree = "<group>"; };
		6064A36C28CF1D340045F533 /* RegisterViewController.swift */ = {isa = PBXFileReference; lastKnownFileType = sourcecode.swift; path = RegisterViewController.swift; sourceTree = "<group>"; };
		6072C91228D063B900549415 /* HomeViewController.swift */ = {isa = PBXFileReference; lastKnownFileType = sourcecode.swift; path = HomeViewController.swift; sourceTree = "<group>"; };
		6072C91428D0870600549415 /* FeedTableViewCell.swift */ = {isa = PBXFileReference; lastKnownFileType = sourcecode.swift; path = FeedTableViewCell.swift; sourceTree = "<group>"; };
		6072C91528D0870600549415 /* FeedTableViewCell.xib */ = {isa = PBXFileReference; lastKnownFileType = file.xib; path = FeedTableViewCell.xib; sourceTree = "<group>"; };
		607B429828D02BEB00B1BAE8 /* UserInfo.swift */ = {isa = PBXFileReference; lastKnownFileType = sourcecode.swift; path = UserInfo.swift; sourceTree = "<group>"; };
		6084DCCF28CF61360060FBE9 /* UIView+Extenstion.swift */ = {isa = PBXFileReference; lastKnownFileType = sourcecode.swift; path = "UIView+Extenstion.swift"; sourceTree = "<group>"; };
		6084DCD128CF626E0060FBE9 /* UIViewController+Extension.swift */ = {isa = PBXFileReference; lastKnownFileType = sourcecode.swift; path = "UIViewController+Extension.swift"; sourceTree = "<group>"; };
		60CF792428D42EE60097FF3F /* FeedUploadInput.swift */ = {isa = PBXFileReference; lastKnownFileType = sourcecode.swift; path = FeedUploadInput.swift; sourceTree = "<group>"; };
		60CF792628D42F1B0097FF3F /* FeedUploadModel.swift */ = {isa = PBXFileReference; lastKnownFileType = sourcecode.swift; path = FeedUploadModel.swift; sourceTree = "<group>"; };
		60CF792828D42FE20097FF3F /* FeedUploadDataManager.swift */ = {isa = PBXFileReference; lastKnownFileType = sourcecode.swift; path = FeedUploadDataManager.swift; sourceTree = "<group>"; };
		60DE989228D17F9A00B2A9D3 /* StoryTableViewCell.swift */ = {isa = PBXFileReference; lastKnownFileType = sourcecode.swift; path = StoryTableViewCell.swift; sourceTree = "<group>"; };
		60DE989328D17F9A00B2A9D3 /* StoryTableViewCell.xib */ = {isa = PBXFileReference; lastKnownFileType = file.xib; path = StoryTableViewCell.xib; sourceTree = "<group>"; };
		60DE989728D1836700B2A9D3 /* StoryCollectionViewCell.swift */ = {isa = PBXFileReference; lastKnownFileType = sourcecode.swift; path = StoryCollectionViewCell.swift; sourceTree = "<group>"; };
		60DE989828D1836700B2A9D3 /* StoryCollectionViewCell.xib */ = {isa = PBXFileReference; lastKnownFileType = file.xib; path = StoryCollectionViewCell.xib; sourceTree = "<group>"; };
		60F44D5128D4524100CB9E34 /* UserFeedModel.swift */ = {isa = PBXFileReference; lastKnownFileType = sourcecode.swift; path = UserFeedModel.swift; sourceTree = "<group>"; };
		60F44D5328D4562500CB9E34 /* UserFeedDataManager.swift */ = {isa = PBXFileReference; lastKnownFileType = sourcecode.swift; path = UserFeedDataManager.swift; sourceTree = "<group>"; };
		9B676A8C95D681BE7620C5F1 /* Pods-Catstagram.release.xcconfig */ = {isa = PBXFileReference; includeInIndex = 1; lastKnownFileType = text.xcconfig; name = "Pods-Catstagram.release.xcconfig"; path = "Target Support Files/Pods-Catstagram/Pods-Catstagram.release.xcconfig"; sourceTree = "<group>"; };
/* End PBXFileReference section */

/* Begin PBXFrameworksBuildPhase section */
		6064A34E28CF05580045F533 /* Frameworks */ = {
			isa = PBXFrameworksBuildPhase;
			buildActionMask = 2147483647;
			files = (
				71E3CCA5F56E623D27D4AA22 /* Pods_Catstagram.framework in Frameworks */,
			);
			runOnlyForDeploymentPostprocessing = 0;
		};
/* End PBXFrameworksBuildPhase section */

/* Begin PBXGroup section */
		6046795D28D2E13E007EC8B2 /* Profile */ = {
			isa = PBXGroup;
			children = (
				60F44D5028D4522900CB9E34 /* UserFeedDataManager */,
				6046796028D2E487007EC8B2 /* Cell */,
				6046795E28D2E159007EC8B2 /* ProfileViewController.swift */,
			);
			path = Profile;
			sourceTree = "<group>";
		};
		6046796028D2E487007EC8B2 /* Cell */ = {
			isa = PBXGroup;
			children = (
				6046796628D2F7B2007EC8B2 /* PostCell */,
				6046796528D2F7A1007EC8B2 /* ProfileCell */,
			);
			path = Cell;
			sourceTree = "<group>";
		};
		6046796528D2F7A1007EC8B2 /* ProfileCell */ = {
			isa = PBXGroup;
			children = (
				6046796128D2E49C007EC8B2 /* ProfileCollectionViewCell.swift */,
				6046796228D2E49C007EC8B2 /* ProfileCollectionViewCell.xib */,
			);
			path = ProfileCell;
			sourceTree = "<group>";
		};
		6046796628D2F7B2007EC8B2 /* PostCell */ = {
			isa = PBXGroup;
			children = (
				6046796728D2F7C6007EC8B2 /* PostCollectionViewCell.swift */,
				6046796828D2F7C6007EC8B2 /* PostCollectionViewCell.xib */,
			);
			path = PostCell;
			sourceTree = "<group>";
		};
		604DC5C128D4117C005228D4 /* FeedDataManager */ = {
			isa = PBXGroup;
			children = (
				604DC5C228D4119A005228D4 /* FeedAPIInput.swift */,
				604DC5C428D4127B005228D4 /* FeedModel.swift */,
				604DC5C628D412BD005228D4 /* FeedDataManager.swift */,
			);
			path = FeedDataManager;
			sourceTree = "<group>";
		};
		6064A34828CF05580045F533 = {
			isa = PBXGroup;
			children = (
				6064A35328CF05580045F533 /* Catstagram */,
				6064A35228CF05580045F533 /* Products */,
				6524B0B1344497400B7A66A9 /* Pods */,
				AD4074E2969E1E5E1C958236 /* Frameworks */,
			);
			sourceTree = "<group>";
		};
		6064A35228CF05580045F533 /* Products */ = {
			isa = PBXGroup;
			children = (
				6064A35128CF05580045F533 /* Catstagram.app */,
			);
			name = Products;
			sourceTree = "<group>";
		};
		6064A35328CF05580045F533 /* Catstagram */ = {
			isa = PBXGroup;
			children = (
				60F44D4F28D44D8200CB9E34 /* UserInterface */,
				60F44D4D28D44D5F00CB9E34 /* App */,
				6064A35A28CF05580045F533 /* Main.storyboard */,
				6084DCCF28CF61360060FBE9 /* UIView+Extenstion.swift */,
				6084DCD128CF626E0060FBE9 /* UIViewController+Extension.swift */,
				6064A35D28CF055B0045F533 /* Assets.xcassets */,
				6064A36828CF15D80045F533 /* UIColor+Extension.swift */,
				6064A35F28CF055B0045F533 /* LaunchScreen.storyboard */,
				6064A36228CF055B0045F533 /* Info.plist */,
				607B429828D02BEB00B1BAE8 /* UserInfo.swift */,
			);
			path = Catstagram;
			sourceTree = "<group>";
		};
		6072C91128D063A900549415 /* Home */ = {
			isa = PBXGroup;
			children = (
				60CF792328D42ED30097FF3F /* FeedUploadDataManager */,
				604DC5C128D4117C005228D4 /* FeedDataManager */,
				60DE989628D1833000B2A9D3 /* Cell */,
				6072C91228D063B900549415 /* HomeViewController.swift */,
			);
			path = Home;
			sourceTree = "<group>";
		};
		60CF792328D42ED30097FF3F /* FeedUploadDataManager */ = {
			isa = PBXGroup;
			children = (
				60CF792428D42EE60097FF3F /* FeedUploadInput.swift */,
				60CF792628D42F1B0097FF3F /* FeedUploadModel.swift */,
				60CF792828D42FE20097FF3F /* FeedUploadDataManager.swift */,
			);
			path = FeedUploadDataManager;
			sourceTree = "<group>";
		};
		60DE989628D1833000B2A9D3 /* Cell */ = {
			isa = PBXGroup;
			children = (
				6072C91428D0870600549415 /* FeedTableViewCell.swift */,
				6072C91528D0870600549415 /* FeedTableViewCell.xib */,
				60DE989228D17F9A00B2A9D3 /* StoryTableViewCell.swift */,
				60DE989328D17F9A00B2A9D3 /* StoryTableViewCell.xib */,
				60DE989728D1836700B2A9D3 /* StoryCollectionViewCell.swift */,
				60DE989828D1836700B2A9D3 /* StoryCollectionViewCell.xib */,
			);
			path = Cell;
			sourceTree = "<group>";
		};
		60F44D4D28D44D5F00CB9E34 /* App */ = {
			isa = PBXGroup;
			children = (
				6064A35428CF05580045F533 /* AppDelegate.swift */,
				6064A35628CF05580045F533 /* SceneDelegate.swift */,
			);
			path = App;
			sourceTree = "<group>";
		};
		60F44D4E28D44D6C00CB9E34 /* Authentication */ = {
			isa = PBXGroup;
			children = (
				6064A36C28CF1D340045F533 /* RegisterViewController.swift */,
				6064A36A28CF170A0045F533 /* LoginViewController.swift */,
			);
			path = Authentication;
			sourceTree = "<group>";
		};
		60F44D4F28D44D8200CB9E34 /* UserInterface */ = {
			isa = PBXGroup;
			children = (
				6046795D28D2E13E007EC8B2 /* Profile */,
				6072C91128D063A900549415 /* Home */,
				60F44D4E28D44D6C00CB9E34 /* Authentication */,
			);
			path = UserInterface;
			sourceTree = "<group>";
		};
		60F44D5028D4522900CB9E34 /* UserFeedDataManager */ = {
			isa = PBXGroup;
			children = (
				60F44D5128D4524100CB9E34 /* UserFeedModel.swift */,
				60F44D5328D4562500CB9E34 /* UserFeedDataManager.swift */,
			);
			path = UserFeedDataManager;
			sourceTree = "<group>";
		};
		6524B0B1344497400B7A66A9 /* Pods */ = {
			isa = PBXGroup;
			children = (
				579EAC65B6276FACF4FEB8CD /* Pods-Catstagram.debug.xcconfig */,
				9B676A8C95D681BE7620C5F1 /* Pods-Catstagram.release.xcconfig */,
			);
			path = Pods;
			sourceTree = "<group>";
		};
		AD4074E2969E1E5E1C958236 /* Frameworks */ = {
			isa = PBXGroup;
			children = (
				058F6F50C7C886177BC79532 /* Pods_Catstagram.framework */,
			);
			name = Frameworks;
			sourceTree = "<group>";
		};
/* End PBXGroup section */

/* Begin PBXNativeTarget section */
		6064A35028CF05580045F533 /* Catstagram */ = {
			isa = PBXNativeTarget;
			buildConfigurationList = 6064A36528CF055B0045F533 /* Build configuration list for PBXNativeTarget "Catstagram" */;
			buildPhases = (
				1C04338FED8ED8740AA7F443 /* [CP] Check Pods Manifest.lock */,
				6064A34D28CF05580045F533 /* Sources */,
				6064A34E28CF05580045F533 /* Frameworks */,
				6064A34F28CF05580045F533 /* Resources */,
				9FB4AB79C22C26D119F0D698 /* [CP] Embed Pods Frameworks */,
			);
			buildRules = (
			);
			dependencies = (
			);
			name = Catstagram;
			productName = Catstagram;
			productReference = 6064A35128CF05580045F533 /* Catstagram.app */;
			productType = "com.apple.product-type.application";
		};
/* End PBXNativeTarget section */

/* Begin PBXProject section */
		6064A34928CF05580045F533 /* Project object */ = {
			isa = PBXProject;
			attributes = {
				BuildIndependentTargetsInParallel = 1;
				LastSwiftUpdateCheck = 1340;
				LastUpgradeCheck = 1340;
				TargetAttributes = {
					6064A35028CF05580045F533 = {
						CreatedOnToolsVersion = 13.4.1;
					};
				};
			};
			buildConfigurationList = 6064A34C28CF05580045F533 /* Build configuration list for PBXProject "Catstagram" */;
			compatibilityVersion = "Xcode 13.0";
			developmentRegion = en;
			hasScannedForEncodings = 0;
			knownRegions = (
				en,
				Base,
			);
			mainGroup = 6064A34828CF05580045F533;
			productRefGroup = 6064A35228CF05580045F533 /* Products */;
			projectDirPath = "";
			projectRoot = "";
			targets = (
				6064A35028CF05580045F533 /* Catstagram */,
			);
		};
/* End PBXProject section */

/* Begin PBXResourcesBuildPhase section */
		6064A34F28CF05580045F533 /* Resources */ = {
			isa = PBXResourcesBuildPhase;
			buildActionMask = 2147483647;
			files = (
				6046796A28D2F7C6007EC8B2 /* PostCollectionViewCell.xib in Resources */,
				6064A36128CF055B0045F533 /* LaunchScreen.storyboard in Resources */,
				6072C91728D0870600549415 /* FeedTableViewCell.xib in Resources */,
				6064A35E28CF055B0045F533 /* Assets.xcassets in Resources */,
				6046796428D2E49C007EC8B2 /* ProfileCollectionViewCell.xib in Resources */,
				60DE989528D17F9A00B2A9D3 /* StoryTableViewCell.xib in Resources */,
				60DE989A28D1836700B2A9D3 /* StoryCollectionViewCell.xib in Resources */,
				6064A35C28CF05580045F533 /* Main.storyboard in Resources */,
			);
			runOnlyForDeploymentPostprocessing = 0;
		};
/* End PBXResourcesBuildPhase section */

/* Begin PBXShellScriptBuildPhase section */
		1C04338FED8ED8740AA7F443 /* [CP] Check Pods Manifest.lock */ = {
			isa = PBXShellScriptBuildPhase;
			buildActionMask = 2147483647;
			files = (
			);
			inputFileListPaths = (
			);
			inputPaths = (
				"${PODS_PODFILE_DIR_PATH}/Podfile.lock",
				"${PODS_ROOT}/Manifest.lock",
			);
			name = "[CP] Check Pods Manifest.lock";
			outputFileListPaths = (
			);
			outputPaths = (
				"$(DERIVED_FILE_DIR)/Pods-Catstagram-checkManifestLockResult.txt",
			);
			runOnlyForDeploymentPostprocessing = 0;
			shellPath = /bin/sh;
			shellScript = "diff \"${PODS_PODFILE_DIR_PATH}/Podfile.lock\" \"${PODS_ROOT}/Manifest.lock\" > /dev/null\nif [ $? != 0 ] ; then\n    # print error to STDERR\n    echo \"error: The sandbox is not in sync with the Podfile.lock. Run 'pod install' or update your CocoaPods installation.\" >&2\n    exit 1\nfi\n# This output is used by Xcode 'outputs' to avoid re-running this script phase.\necho \"SUCCESS\" > \"${SCRIPT_OUTPUT_FILE_0}\"\n";
			showEnvVarsInLog = 0;
		};
		9FB4AB79C22C26D119F0D698 /* [CP] Embed Pods Frameworks */ = {
			isa = PBXShellScriptBuildPhase;
			buildActionMask = 2147483647;
			files = (
			);
			inputFileListPaths = (
				"${PODS_ROOT}/Target Support Files/Pods-Catstagram/Pods-Catstagram-frameworks-${CONFIGURATION}-input-files.xcfilelist",
			);
			name = "[CP] Embed Pods Frameworks";
			outputFileListPaths = (
				"${PODS_ROOT}/Target Support Files/Pods-Catstagram/Pods-Catstagram-frameworks-${CONFIGURATION}-output-files.xcfilelist",
			);
			runOnlyForDeploymentPostprocessing = 0;
			shellPath = /bin/sh;
			shellScript = "\"${PODS_ROOT}/Target Support Files/Pods-Catstagram/Pods-Catstagram-frameworks.sh\"\n";
			showEnvVarsInLog = 0;
		};
/* End PBXShellScriptBuildPhase section */

/* Begin PBXSourcesBuildPhase section */
		6064A34D28CF05580045F533 /* Sources */ = {
			isa = PBXSourcesBuildPhase;
			buildActionMask = 2147483647;
			files = (
				6064A35528CF05580045F533 /* AppDelegate.swift in Sources */,
				6084DCD028CF61360060FBE9 /* UIView+Extenstion.swift in Sources */,
				60CF792728D42F1B0097FF3F /* FeedUploadModel.swift in Sources */,
				60F44D5428D4562500CB9E34 /* UserFeedDataManager.swift in Sources */,
				604DC5C528D4127B005228D4 /* FeedModel.swift in Sources */,
				6064A36D28CF1D340045F533 /* RegisterViewController.swift in Sources */,
				60CF792528D42EE60097FF3F /* FeedUploadInput.swift in Sources */,
				60F44D5228D4524100CB9E34 /* UserFeedModel.swift in Sources */,
				60DE989428D17F9A00B2A9D3 /* StoryTableViewCell.swift in Sources */,
				60DE989928D1836700B2A9D3 /* StoryCollectionViewCell.swift in Sources */,
				6046796928D2F7C6007EC8B2 /* PostCollectionViewCell.swift in Sources */,
				6064A35728CF05580045F533 /* SceneDelegate.swift in Sources */,
				607B429928D02BEB00B1BAE8 /* UserInfo.swift in Sources */,
				6072C91328D063B900549415 /* HomeViewController.swift in Sources */,
				60CF792928D42FE20097FF3F /* FeedUploadDataManager.swift in Sources */,
				6084DCD228CF626E0060FBE9 /* UIViewController+Extension.swift in Sources */,
				6064A36B28CF170A0045F533 /* LoginViewController.swift in Sources */,
				604DC5C328D4119A005228D4 /* FeedAPIInput.swift in Sources */,
				6046796328D2E49C007EC8B2 /* ProfileCollectionViewCell.swift in Sources */,
				6046795F28D2E159007EC8B2 /* ProfileViewController.swift in Sources */,
				604DC5C728D412BD005228D4 /* FeedDataManager.swift in Sources */,
				6064A36928CF15D80045F533 /* UIColor+Extension.swift in Sources */,
				6072C91628D0870600549415 /* FeedTableViewCell.swift in Sources */,
			);
			runOnlyForDeploymentPostprocessing = 0;
		};
/* End PBXSourcesBuildPhase section */

/* Begin PBXVariantGroup section */
		6064A35A28CF05580045F533 /* Main.storyboard */ = {
			isa = PBXVariantGroup;
			children = (
				6064A35B28CF05580045F533 /* Base */,
			);
			name = Main.storyboard;
			sourceTree = "<group>";
		};
		6064A35F28CF055B0045F533 /* LaunchScreen.storyboard */ = {
			isa = PBXVariantGroup;
			children = (
				6064A36028CF055B0045F533 /* Base */,
			);
			name = LaunchScreen.storyboard;
			sourceTree = "<group>";
		};
/* End PBXVariantGroup section */

/* Begin XCBuildConfiguration section */
		6064A36328CF055B0045F533 /* Debug */ = {
			isa = XCBuildConfiguration;
			buildSettings = {
				ALWAYS_SEARCH_USER_PATHS = NO;
				CLANG_ANALYZER_NONNULL = YES;
				CLANG_ANALYZER_NUMBER_OBJECT_CONVERSION = YES_AGGRESSIVE;
				CLANG_CXX_LANGUAGE_STANDARD = "gnu++17";
				CLANG_ENABLE_MODULES = YES;
				CLANG_ENABLE_OBJC_ARC = YES;
				CLANG_ENABLE_OBJC_WEAK = YES;
				CLANG_WARN_BLOCK_CAPTURE_AUTORELEASING = YES;
				CLANG_WARN_BOOL_CONVERSION = YES;
				CLANG_WARN_COMMA = YES;
				CLANG_WARN_CONSTANT_CONVERSION = YES;
				CLANG_WARN_DEPRECATED_OBJC_IMPLEMENTATIONS = YES;
				CLANG_WARN_DIRECT_OBJC_ISA_USAGE = YES_ERROR;
				CLANG_WARN_DOCUMENTATION_COMMENTS = YES;
				CLANG_WARN_EMPTY_BODY = YES;
				CLANG_WARN_ENUM_CONVERSION = YES;
				CLANG_WARN_INFINITE_RECURSION = YES;
				CLANG_WARN_INT_CONVERSION = YES;
				CLANG_WARN_NON_LITERAL_NULL_CONVERSION = YES;
				CLANG_WARN_OBJC_IMPLICIT_RETAIN_SELF = YES;
				CLANG_WARN_OBJC_LITERAL_CONVERSION = YES;
				CLANG_WARN_OBJC_ROOT_CLASS = YES_ERROR;
				CLANG_WARN_QUOTED_INCLUDE_IN_FRAMEWORK_HEADER = YES;
				CLANG_WARN_RANGE_LOOP_ANALYSIS = YES;
				CLANG_WARN_STRICT_PROTOTYPES = YES;
				CLANG_WARN_SUSPICIOUS_MOVE = YES;
				CLANG_WARN_UNGUARDED_AVAILABILITY = YES_AGGRESSIVE;
				CLANG_WARN_UNREACHABLE_CODE = YES;
				CLANG_WARN__DUPLICATE_METHOD_MATCH = YES;
				COPY_PHASE_STRIP = NO;
				DEBUG_INFORMATION_FORMAT = dwarf;
				ENABLE_STRICT_OBJC_MSGSEND = YES;
				ENABLE_TESTABILITY = YES;
				GCC_C_LANGUAGE_STANDARD = gnu11;
				GCC_DYNAMIC_NO_PIC = NO;
				GCC_NO_COMMON_BLOCKS = YES;
				GCC_OPTIMIZATION_LEVEL = 0;
				GCC_PREPROCESSOR_DEFINITIONS = (
					"DEBUG=1",
					"$(inherited)",
				);
				GCC_WARN_64_TO_32_BIT_CONVERSION = YES;
				GCC_WARN_ABOUT_RETURN_TYPE = YES_ERROR;
				GCC_WARN_UNDECLARED_SELECTOR = YES;
				GCC_WARN_UNINITIALIZED_AUTOS = YES_AGGRESSIVE;
				GCC_WARN_UNUSED_FUNCTION = YES;
				GCC_WARN_UNUSED_VARIABLE = YES;
				IPHONEOS_DEPLOYMENT_TARGET = 15.5;
				MTL_ENABLE_DEBUG_INFO = INCLUDE_SOURCE;
				MTL_FAST_MATH = YES;
				ONLY_ACTIVE_ARCH = YES;
				SDKROOT = iphoneos;
				SWIFT_ACTIVE_COMPILATION_CONDITIONS = DEBUG;
				SWIFT_OPTIMIZATION_LEVEL = "-Onone";
			};
			name = Debug;
		};
		6064A36428CF055B0045F533 /* Release */ = {
			isa = XCBuildConfiguration;
			buildSettings = {
				ALWAYS_SEARCH_USER_PATHS = NO;
				CLANG_ANALYZER_NONNULL = YES;
				CLANG_ANALYZER_NUMBER_OBJECT_CONVERSION = YES_AGGRESSIVE;
				CLANG_CXX_LANGUAGE_STANDARD = "gnu++17";
				CLANG_ENABLE_MODULES = YES;
				CLANG_ENABLE_OBJC_ARC = YES;
				CLANG_ENABLE_OBJC_WEAK = YES;
				CLANG_WARN_BLOCK_CAPTURE_AUTORELEASING = YES;
				CLANG_WARN_BOOL_CONVERSION = YES;
				CLANG_WARN_COMMA = YES;
				CLANG_WARN_CONSTANT_CONVERSION = YES;
				CLANG_WARN_DEPRECATED_OBJC_IMPLEMENTATIONS = YES;
				CLANG_WARN_DIRECT_OBJC_ISA_USAGE = YES_ERROR;
				CLANG_WARN_DOCUMENTATION_COMMENTS = YES;
				CLANG_WARN_EMPTY_BODY = YES;
				CLANG_WARN_ENUM_CONVERSION = YES;
				CLANG_WARN_INFINITE_RECURSION = YES;
				CLANG_WARN_INT_CONVERSION = YES;
				CLANG_WARN_NON_LITERAL_NULL_CONVERSION = YES;
				CLANG_WARN_OBJC_IMPLICIT_RETAIN_SELF = YES;
				CLANG_WARN_OBJC_LITERAL_CONVERSION = YES;
				CLANG_WARN_OBJC_ROOT_CLASS = YES_ERROR;
				CLANG_WARN_QUOTED_INCLUDE_IN_FRAMEWORK_HEADER = YES;
				CLANG_WARN_RANGE_LOOP_ANALYSIS = YES;
				CLANG_WARN_STRICT_PROTOTYPES = YES;
				CLANG_WARN_SUSPICIOUS_MOVE = YES;
				CLANG_WARN_UNGUARDED_AVAILABILITY = YES_AGGRESSIVE;
				CLANG_WARN_UNREACHABLE_CODE = YES;
				CLANG_WARN__DUPLICATE_METHOD_MATCH = YES;
				COPY_PHASE_STRIP = NO;
				DEBUG_INFORMATION_FORMAT = "dwarf-with-dsym";
				ENABLE_NS_ASSERTIONS = NO;
				ENABLE_STRICT_OBJC_MSGSEND = YES;
				GCC_C_LANGUAGE_STANDARD = gnu11;
				GCC_NO_COMMON_BLOCKS = YES;
				GCC_WARN_64_TO_32_BIT_CONVERSION = YES;
				GCC_WARN_ABOUT_RETURN_TYPE = YES_ERROR;
				GCC_WARN_UNDECLARED_SELECTOR = YES;
				GCC_WARN_UNINITIALIZED_AUTOS = YES_AGGRESSIVE;
				GCC_WARN_UNUSED_FUNCTION = YES;
				GCC_WARN_UNUSED_VARIABLE = YES;
				IPHONEOS_DEPLOYMENT_TARGET = 15.5;
				MTL_ENABLE_DEBUG_INFO = NO;
				MTL_FAST_MATH = YES;
				SDKROOT = iphoneos;
				SWIFT_COMPILATION_MODE = wholemodule;
				SWIFT_OPTIMIZATION_LEVEL = "-O";
				VALIDATE_PRODUCT = YES;
			};
			name = Release;
		};
		6064A36628CF055B0045F533 /* Debug */ = {
			isa = XCBuildConfiguration;
			baseConfigurationReference = 579EAC65B6276FACF4FEB8CD /* Pods-Catstagram.debug.xcconfig */;
			buildSettings = {
				ASSETCATALOG_COMPILER_APPICON_NAME = AppIcon;
				ASSETCATALOG_COMPILER_GLOBAL_ACCENT_COLOR_NAME = AccentColor;
				CODE_SIGN_STYLE = Automatic;
				CURRENT_PROJECT_VERSION = 1;
				DEVELOPMENT_TEAM = 3NP4Z3WZ94;
				GENERATE_INFOPLIST_FILE = YES;
				INFOPLIST_FILE = Catstagram/Info.plist;
				INFOPLIST_KEY_UIApplicationSupportsIndirectInputEvents = YES;
				INFOPLIST_KEY_UILaunchStoryboardName = LaunchScreen;
				INFOPLIST_KEY_UIMainStoryboardFile = Main;
				INFOPLIST_KEY_UISupportedInterfaceOrientations_iPad = "UIInterfaceOrientationPortrait UIInterfaceOrientationPortraitUpsideDown UIInterfaceOrientationLandscapeLeft UIInterfaceOrientationLandscapeRight";
				INFOPLIST_KEY_UISupportedInterfaceOrientations_iPhone = "UIInterfaceOrientationPortrait UIInterfaceOrientationLandscapeLeft UIInterfaceOrientationLandscapeRight";
				LD_RUNPATH_SEARCH_PATHS = (
					"$(inherited)",
					"@executable_path/Frameworks",
				);
				MARKETING_VERSION = 1.0;
				PRODUCT_BUNDLE_IDENTIFIER = com.seuhong.Catstagram;
				PRODUCT_NAME = "$(TARGET_NAME)";
				SWIFT_EMIT_LOC_STRINGS = YES;
				SWIFT_VERSION = 5.0;
				TARGETED_DEVICE_FAMILY = "1,2";
			};
			name = Debug;
		};
		6064A36728CF055B0045F533 /* Release */ = {
			isa = XCBuildConfiguration;
			baseConfigurationReference = 9B676A8C95D681BE7620C5F1 /* Pods-Catstagram.release.xcconfig */;
			buildSettings = {
				ASSETCATALOG_COMPILER_APPICON_NAME = AppIcon;
				ASSETCATALOG_COMPILER_GLOBAL_ACCENT_COLOR_NAME = AccentColor;
				CODE_SIGN_STYLE = Automatic;
				CURRENT_PROJECT_VERSION = 1;
				DEVELOPMENT_TEAM = 3NP4Z3WZ94;
				GENERATE_INFOPLIST_FILE = YES;
				INFOPLIST_FILE = Catstagram/Info.plist;
				INFOPLIST_KEY_UIApplicationSupportsIndirectInputEvents = YES;
				INFOPLIST_KEY_UILaunchStoryboardName = LaunchScreen;
				INFOPLIST_KEY_UIMainStoryboardFile = Main;
				INFOPLIST_KEY_UISupportedInterfaceOrientations_iPad = "UIInterfaceOrientationPortrait UIInterfaceOrientationPortraitUpsideDown UIInterfaceOrientationLandscapeLeft UIInterfaceOrientationLandscapeRight";
				INFOPLIST_KEY_UISupportedInterfaceOrientations_iPhone = "UIInterfaceOrientationPortrait UIInterfaceOrientationLandscapeLeft UIInterfaceOrientationLandscapeRight";
				LD_RUNPATH_SEARCH_PATHS = (
					"$(inherited)",
					"@executable_path/Frameworks",
				);
				MARKETING_VERSION = 1.0;
				PRODUCT_BUNDLE_IDENTIFIER = com.seuhong.Catstagram;
				PRODUCT_NAME = "$(TARGET_NAME)";
				SWIFT_EMIT_LOC_STRINGS = YES;
				SWIFT_VERSION = 5.0;
				TARGETED_DEVICE_FAMILY = "1,2";
			};
			name = Release;
		};
/* End XCBuildConfiguration section */

/* Begin XCConfigurationList section */
		6064A34C28CF05580045F533 /* Build configuration list for PBXProject "Catstagram" */ = {
			isa = XCConfigurationList;
			buildConfigurations = (
				6064A36328CF055B0045F533 /* Debug */,
				6064A36428CF055B0045F533 /* Release */,
			);
			defaultConfigurationIsVisible = 0;
			defaultConfigurationName = Release;
		};
		6064A36528CF055B0045F533 /* Build configuration list for PBXNativeTarget "Catstagram" */ = {
			isa = XCConfigurationList;
			buildConfigurations = (
				6064A36628CF055B0045F533 /* Debug */,
				6064A36728CF055B0045F533 /* Release */,
			);
			defaultConfigurationIsVisible = 0;
			defaultConfigurationName = Release;
		};
/* End XCConfigurationList section */
	};
	rootObject = 6064A34928CF05580045F533 /* Project object */;
}
