// !$*UTF8*$!
{
	archiveVersion = 1;
	classes = {
	};
	objectVersion = 56;
	objects = {

/* Begin PBXBuildFile section */
		6096051E29EAE72C00EBC4D4 /* TodaysSwiftUIApp.swift in Sources */ = {isa = PBXBuildFile; fileRef = 6096051D29EAE72C00EBC4D4 /* TodaysSwiftUIApp.swift */; };
		6096052029EAE72C00EBC4D4 /* ContentView.swift in Sources */ = {isa = PBXBuildFile; fileRef = 6096051F29EAE72C00EBC4D4 /* ContentView.swift */; };
		6096052229EAE72D00EBC4D4 /* Assets.xcassets in Resources */ = {isa = PBXBuildFile; fileRef = 6096052129EAE72D00EBC4D4 /* Assets.xcassets */; };
		6096052529EAE72D00EBC4D4 /* Preview Assets.xcassets in Resources */ = {isa = PBXBuildFile; fileRef = 6096052429EAE72D00EBC4D4 /* Preview Assets.xcassets */; };
		6096052D29EAE74400EBC4D4 /* MyNavigationView.swift in Sources */ = {isa = PBXBuildFile; fileRef = 6096052C29EAE74400EBC4D4 /* MyNavigationView.swift */; };
		6096052F29EAE9DF00EBC4D4 /* MyNavigationStack.swift in Sources */ = {isa = PBXBuildFile; fileRef = 6096052E29EAE9DF00EBC4D4 /* MyNavigationStack.swift */; };
		6096053229EAEB8D00EBC4D4 /* MyAppear.swift in Sources */ = {isa = PBXBuildFile; fileRef = 6096053129EAEB8D00EBC4D4 /* MyAppear.swift */; };
		6096053429EAEFF500EBC4D4 /* MyWrapUp2.swift in Sources */ = {isa = PBXBuildFile; fileRef = 6096053329EAEFF500EBC4D4 /* MyWrapUp2.swift */; };
		6096053629EAF43100EBC4D4 /* MyShape.swift in Sources */ = {isa = PBXBuildFile; fileRef = 6096053529EAF43100EBC4D4 /* MyShape.swift */; };
		6096053829EAF67D00EBC4D4 /* MyBinding.swift in Sources */ = {isa = PBXBuildFile; fileRef = 6096053729EAF67D00EBC4D4 /* MyBinding.swift */; };
		6096055029EBE78800EBC4D4 /* MySlider.swift in Sources */ = {isa = PBXBuildFile; fileRef = 6096054F29EBE78800EBC4D4 /* MySlider.swift */; };
		6096056829EC26CA00EBC4D4 /* MyStepper.swift in Sources */ = {isa = PBXBuildFile; fileRef = 6096056729EC26CA00EBC4D4 /* MyStepper.swift */; };
		609605A129ED93E900EBC4D4 /* MyPicker.swift in Sources */ = {isa = PBXBuildFile; fileRef = 609605A029ED93E900EBC4D4 /* MyPicker.swift */; };
		609605A329ED959C00EBC4D4 /* MyTextEditor.swift in Sources */ = {isa = PBXBuildFile; fileRef = 609605A229ED959C00EBC4D4 /* MyTextEditor.swift */; };
		609605A529ED96E400EBC4D4 /* MyHexColor.swift in Sources */ = {isa = PBXBuildFile; fileRef = 609605A429ED96E400EBC4D4 /* MyHexColor.swift */; };
		609605A829EE4B0500EBC4D4 /* MyBasicAnimation.swift in Sources */ = {isa = PBXBuildFile; fileRef = 609605A729EE4B0500EBC4D4 /* MyBasicAnimation.swift */; };
/* End PBXBuildFile section */

/* Begin PBXFileReference section */
		6096051A29EAE72C00EBC4D4 /* TodaysSwiftUI.app */ = {isa = PBXFileReference; explicitFileType = wrapper.application; includeInIndex = 0; path = TodaysSwiftUI.app; sourceTree = BUILT_PRODUCTS_DIR; };
		6096051D29EAE72C00EBC4D4 /* TodaysSwiftUIApp.swift */ = {isa = PBXFileReference; lastKnownFileType = sourcecode.swift; path = TodaysSwiftUIApp.swift; sourceTree = "<group>"; };
		6096051F29EAE72C00EBC4D4 /* ContentView.swift */ = {isa = PBXFileReference; lastKnownFileType = sourcecode.swift; path = ContentView.swift; sourceTree = "<group>"; };
		6096052129EAE72D00EBC4D4 /* Assets.xcassets */ = {isa = PBXFileReference; lastKnownFileType = folder.assetcatalog; path = Assets.xcassets; sourceTree = "<group>"; };
		6096052429EAE72D00EBC4D4 /* Preview Assets.xcassets */ = {isa = PBXFileReference; lastKnownFileType = folder.assetcatalog; path = "Preview Assets.xcassets"; sourceTree = "<group>"; };
		6096052C29EAE74400EBC4D4 /* MyNavigationView.swift */ = {isa = PBXFileReference; lastKnownFileType = sourcecode.swift; path = MyNavigationView.swift; sourceTree = "<group>"; };
		6096052E29EAE9DF00EBC4D4 /* MyNavigationStack.swift */ = {isa = PBXFileReference; lastKnownFileType = sourcecode.swift; path = MyNavigationStack.swift; sourceTree = "<group>"; };
		6096053129EAEB8D00EBC4D4 /* MyAppear.swift */ = {isa = PBXFileReference; lastKnownFileType = sourcecode.swift; path = MyAppear.swift; sourceTree = "<group>"; };
		6096053329EAEFF500EBC4D4 /* MyWrapUp2.swift */ = {isa = PBXFileReference; lastKnownFileType = sourcecode.swift; path = MyWrapUp2.swift; sourceTree = "<group>"; };
		6096053529EAF43100EBC4D4 /* MyShape.swift */ = {isa = PBXFileReference; lastKnownFileType = sourcecode.swift; path = MyShape.swift; sourceTree = "<group>"; };
		6096053729EAF67D00EBC4D4 /* MyBinding.swift */ = {isa = PBXFileReference; lastKnownFileType = sourcecode.swift; path = MyBinding.swift; sourceTree = "<group>"; };
		6096054F29EBE78800EBC4D4 /* MySlider.swift */ = {isa = PBXFileReference; lastKnownFileType = sourcecode.swift; path = MySlider.swift; sourceTree = "<group>"; };
		6096056729EC26CA00EBC4D4 /* MyStepper.swift */ = {isa = PBXFileReference; lastKnownFileType = sourcecode.swift; path = MyStepper.swift; sourceTree = "<group>"; };
		609605A029ED93E900EBC4D4 /* MyPicker.swift */ = {isa = PBXFileReference; lastKnownFileType = sourcecode.swift; path = MyPicker.swift; sourceTree = "<group>"; };
		609605A229ED959C00EBC4D4 /* MyTextEditor.swift */ = {isa = PBXFileReference; lastKnownFileType = sourcecode.swift; path = MyTextEditor.swift; sourceTree = "<group>"; };
		609605A429ED96E400EBC4D4 /* MyHexColor.swift */ = {isa = PBXFileReference; lastKnownFileType = sourcecode.swift; path = MyHexColor.swift; sourceTree = "<group>"; };
		609605A729EE4B0500EBC4D4 /* MyBasicAnimation.swift */ = {isa = PBXFileReference; lastKnownFileType = sourcecode.swift; path = MyBasicAnimation.swift; sourceTree = "<group>"; };
/* End PBXFileReference section */

/* Begin PBXFrameworksBuildPhase section */
		6096051729EAE72C00EBC4D4 /* Frameworks */ = {
			isa = PBXFrameworksBuildPhase;
			buildActionMask = 2147483647;
			files = (
			);
			runOnlyForDeploymentPostprocessing = 0;
		};
/* End PBXFrameworksBuildPhase section */

/* Begin PBXGroup section */
		6096051129EAE72C00EBC4D4 = {
			isa = PBXGroup;
			children = (
				6096051C29EAE72C00EBC4D4 /* TodaysSwiftUI */,
				6096051B29EAE72C00EBC4D4 /* Products */,
			);
			sourceTree = "<group>";
		};
		6096051B29EAE72C00EBC4D4 /* Products */ = {
			isa = PBXGroup;
			children = (
				6096051A29EAE72C00EBC4D4 /* TodaysSwiftUI.app */,
			);
			name = Products;
			sourceTree = "<group>";
		};
		6096051C29EAE72C00EBC4D4 /* TodaysSwiftUI */ = {
			isa = PBXGroup;
			children = (
				6096052B29EAE73700EBC4D4 /* Page */,
				609605A629EE4AF300EBC4D4 /* Animation */,
				6096053029EAEB7C00EBC4D4 /* Views */,
				6096051D29EAE72C00EBC4D4 /* TodaysSwiftUIApp.swift */,
				6096051F29EAE72C00EBC4D4 /* ContentView.swift */,
				6096052129EAE72D00EBC4D4 /* Assets.xcassets */,
				6096052329EAE72D00EBC4D4 /* Preview Content */,
			);
			path = TodaysSwiftUI;
			sourceTree = "<group>";
		};
		6096052329EAE72D00EBC4D4 /* Preview Content */ = {
			isa = PBXGroup;
			children = (
				6096052429EAE72D00EBC4D4 /* Preview Assets.xcassets */,
			);
			path = "Preview Content";
			sourceTree = "<group>";
		};
		6096052B29EAE73700EBC4D4 /* Page */ = {
			isa = PBXGroup;
			children = (
				6096052C29EAE74400EBC4D4 /* MyNavigationView.swift */,
				6096052E29EAE9DF00EBC4D4 /* MyNavigationStack.swift */,
				6096053329EAEFF500EBC4D4 /* MyWrapUp2.swift */,
			);
			path = Page;
			sourceTree = "<group>";
		};
		6096053029EAEB7C00EBC4D4 /* Views */ = {
			isa = PBXGroup;
			children = (
				6096053129EAEB8D00EBC4D4 /* MyAppear.swift */,
				6096053529EAF43100EBC4D4 /* MyShape.swift */,
				6096053729EAF67D00EBC4D4 /* MyBinding.swift */,
				6096054F29EBE78800EBC4D4 /* MySlider.swift */,
				609605A029ED93E900EBC4D4 /* MyPicker.swift */,
				609605A229ED959C00EBC4D4 /* MyTextEditor.swift */,
				6096056729EC26CA00EBC4D4 /* MyStepper.swift */,
				609605A429ED96E400EBC4D4 /* MyHexColor.swift */,
			);
			path = Views;
			sourceTree = "<group>";
		};
		609605A629EE4AF300EBC4D4 /* Animation */ = {
			isa = PBXGroup;
			children = (
				609605A729EE4B0500EBC4D4 /* MyBasicAnimation.swift */,
			);
			path = Animation;
			sourceTree = "<group>";
		};
/* End PBXGroup section */

/* Begin PBXNativeTarget section */
		6096051929EAE72C00EBC4D4 /* TodaysSwiftUI */ = {
			isa = PBXNativeTarget;
			buildConfigurationList = 6096052829EAE72D00EBC4D4 /* Build configuration list for PBXNativeTarget "TodaysSwiftUI" */;
			buildPhases = (
				6096051629EAE72C00EBC4D4 /* Sources */,
				6096051729EAE72C00EBC4D4 /* Frameworks */,
				6096051829EAE72C00EBC4D4 /* Resources */,
			);
			buildRules = (
			);
			dependencies = (
			);
			name = TodaysSwiftUI;
			productName = TodaysSwiftUI;
			productReference = 6096051A29EAE72C00EBC4D4 /* TodaysSwiftUI.app */;
			productType = "com.apple.product-type.application";
		};
/* End PBXNativeTarget section */

/* Begin PBXProject section */
		6096051229EAE72C00EBC4D4 /* Project object */ = {
			isa = PBXProject;
			attributes = {
				BuildIndependentTargetsInParallel = 1;
				LastSwiftUpdateCheck = 1420;
				LastUpgradeCheck = 1420;
				TargetAttributes = {
					6096051929EAE72C00EBC4D4 = {
						CreatedOnToolsVersion = 14.2;
					};
				};
			};
			buildConfigurationList = 6096051529EAE72C00EBC4D4 /* Build configuration list for PBXProject "TodaysSwiftUI" */;
			compatibilityVersion = "Xcode 14.0";
			developmentRegion = en;
			hasScannedForEncodings = 0;
			knownRegions = (
				en,
				Base,
			);
			mainGroup = 6096051129EAE72C00EBC4D4;
			productRefGroup = 6096051B29EAE72C00EBC4D4 /* Products */;
			projectDirPath = "";
			projectRoot = "";
			targets = (
				6096051929EAE72C00EBC4D4 /* TodaysSwiftUI */,
			);
		};
/* End PBXProject section */

/* Begin PBXResourcesBuildPhase section */
		6096051829EAE72C00EBC4D4 /* Resources */ = {
			isa = PBXResourcesBuildPhase;
			buildActionMask = 2147483647;
			files = (
				6096052529EAE72D00EBC4D4 /* Preview Assets.xcassets in Resources */,
				6096052229EAE72D00EBC4D4 /* Assets.xcassets in Resources */,
			);
			runOnlyForDeploymentPostprocessing = 0;
		};
/* End PBXResourcesBuildPhase section */

/* Begin PBXSourcesBuildPhase section */
		6096051629EAE72C00EBC4D4 /* Sources */ = {
			isa = PBXSourcesBuildPhase;
			buildActionMask = 2147483647;
			files = (
				6096053229EAEB8D00EBC4D4 /* MyAppear.swift in Sources */,
				6096052029EAE72C00EBC4D4 /* ContentView.swift in Sources */,
				6096051E29EAE72C00EBC4D4 /* TodaysSwiftUIApp.swift in Sources */,
				6096056829EC26CA00EBC4D4 /* MyStepper.swift in Sources */,
				6096053829EAF67D00EBC4D4 /* MyBinding.swift in Sources */,
				609605A529ED96E400EBC4D4 /* MyHexColor.swift in Sources */,
				6096053629EAF43100EBC4D4 /* MyShape.swift in Sources */,
				6096052F29EAE9DF00EBC4D4 /* MyNavigationStack.swift in Sources */,
				609605A329ED959C00EBC4D4 /* MyTextEditor.swift in Sources */,
				609605A829EE4B0500EBC4D4 /* MyBasicAnimation.swift in Sources */,
				6096055029EBE78800EBC4D4 /* MySlider.swift in Sources */,
				609605A129ED93E900EBC4D4 /* MyPicker.swift in Sources */,
				6096052D29EAE74400EBC4D4 /* MyNavigationView.swift in Sources */,
				6096053429EAEFF500EBC4D4 /* MyWrapUp2.swift in Sources */,
			);
			runOnlyForDeploymentPostprocessing = 0;
		};
/* End PBXSourcesBuildPhase section */

/* Begin XCBuildConfiguration section */
		6096052629EAE72D00EBC4D4 /* Debug */ = {
			isa = XCBuildConfiguration;
			buildSettings = {
				ALWAYS_SEARCH_USER_PATHS = NO;
				CLANG_ANALYZER_NONNULL = YES;
				CLANG_ANALYZER_NUMBER_OBJECT_CONVERSION = YES_AGGRESSIVE;
				CLANG_CXX_LANGUAGE_STANDARD = "gnu++20";
				CLANG_ENABLE_MODULES = YES;
				CLANG_ENABLE_OBJC_ARC = YES;
				CLANG_ENABLE_OBJC_WEAK = YES;
				CLANG_WARN_BLOCK_CAPTURE_AUTORELEASING = YES;
				CLANG_WARN_BOOL_CONVERSION = YES;
				CLANG_WARN_COMMA = YES;
				CLANG_WARN_CONSTANT_CONVERSION = YES;
				CLANG_WARN_DEPRECATED_OBJC_IMPLEMENTATIONS = YES;
				CLANG_WARN_DIRECT_OBJC_ISA_USAGE = YES_ERROR;
				CLANG_WARN_DOCUMENTATION_COMMENTS = YES;
				CLANG_WARN_EMPTY_BODY = YES;
				CLANG_WARN_ENUM_CONVERSION = YES;
				CLANG_WARN_INFINITE_RECURSION = YES;
				CLANG_WARN_INT_CONVERSION = YES;
				CLANG_WARN_NON_LITERAL_NULL_CONVERSION = YES;
				CLANG_WARN_OBJC_IMPLICIT_RETAIN_SELF = YES;
				CLANG_WARN_OBJC_LITERAL_CONVERSION = YES;
				CLANG_WARN_OBJC_ROOT_CLASS = YES_ERROR;
				CLANG_WARN_QUOTED_INCLUDE_IN_FRAMEWORK_HEADER = YES;
				CLANG_WARN_RANGE_LOOP_ANALYSIS = YES;
				CLANG_WARN_STRICT_PROTOTYPES = YES;
				CLANG_WARN_SUSPICIOUS_MOVE = YES;
				CLANG_WARN_UNGUARDED_AVAILABILITY = YES_AGGRESSIVE;
				CLANG_WARN_UNREACHABLE_CODE = YES;
				CLANG_WARN__DUPLICATE_METHOD_MATCH = YES;
				COPY_PHASE_STRIP = NO;
				DEBUG_INFORMATION_FORMAT = dwarf;
				ENABLE_STRICT_OBJC_MSGSEND = YES;
				ENABLE_TESTABILITY = YES;
				GCC_C_LANGUAGE_STANDARD = gnu11;
				GCC_DYNAMIC_NO_PIC = NO;
				GCC_NO_COMMON_BLOCKS = YES;
				GCC_OPTIMIZATION_LEVEL = 0;
				GCC_PREPROCESSOR_DEFINITIONS = (
					"DEBUG=1",
					"$(inherited)",
				);
				GCC_WARN_64_TO_32_BIT_CONVERSION = YES;
				GCC_WARN_ABOUT_RETURN_TYPE = YES_ERROR;
				GCC_WARN_UNDECLARED_SELECTOR = YES;
				GCC_WARN_UNINITIALIZED_AUTOS = YES_AGGRESSIVE;
				GCC_WARN_UNUSED_FUNCTION = YES;
				GCC_WARN_UNUSED_VARIABLE = YES;
				IPHONEOS_DEPLOYMENT_TARGET = 16.2;
				MTL_ENABLE_DEBUG_INFO = INCLUDE_SOURCE;
				MTL_FAST_MATH = YES;
				ONLY_ACTIVE_ARCH = YES;
				SDKROOT = iphoneos;
				SWIFT_ACTIVE_COMPILATION_CONDITIONS = DEBUG;
				SWIFT_OPTIMIZATION_LEVEL = "-Onone";
			};
			name = Debug;
		};
		6096052729EAE72D00EBC4D4 /* Release */ = {
			isa = XCBuildConfiguration;
			buildSettings = {
				ALWAYS_SEARCH_USER_PATHS = NO;
				CLANG_ANALYZER_NONNULL = YES;
				CLANG_ANALYZER_NUMBER_OBJECT_CONVERSION = YES_AGGRESSIVE;
				CLANG_CXX_LANGUAGE_STANDARD = "gnu++20";
				CLANG_ENABLE_MODULES = YES;
				CLANG_ENABLE_OBJC_ARC = YES;
				CLANG_ENABLE_OBJC_WEAK = YES;
				CLANG_WARN_BLOCK_CAPTURE_AUTORELEASING = YES;
				CLANG_WARN_BOOL_CONVERSION = YES;
				CLANG_WARN_COMMA = YES;
				CLANG_WARN_CONSTANT_CONVERSION = YES;
				CLANG_WARN_DEPRECATED_OBJC_IMPLEMENTATIONS = YES;
				CLANG_WARN_DIRECT_OBJC_ISA_USAGE = YES_ERROR;
				CLANG_WARN_DOCUMENTATION_COMMENTS = YES;
				CLANG_WARN_EMPTY_BODY = YES;
				CLANG_WARN_ENUM_CONVERSION = YES;
				CLANG_WARN_INFINITE_RECURSION = YES;
				CLANG_WARN_INT_CONVERSION = YES;
				CLANG_WARN_NON_LITERAL_NULL_CONVERSION = YES;
				CLANG_WARN_OBJC_IMPLICIT_RETAIN_SELF = YES;
				CLANG_WARN_OBJC_LITERAL_CONVERSION = YES;
				CLANG_WARN_OBJC_ROOT_CLASS = YES_ERROR;
				CLANG_WARN_QUOTED_INCLUDE_IN_FRAMEWORK_HEADER = YES;
				CLANG_WARN_RANGE_LOOP_ANALYSIS = YES;
				CLANG_WARN_STRICT_PROTOTYPES = YES;
				CLANG_WARN_SUSPICIOUS_MOVE = YES;
				CLANG_WARN_UNGUARDED_AVAILABILITY = YES_AGGRESSIVE;
				CLANG_WARN_UNREACHABLE_CODE = YES;
				CLANG_WARN__DUPLICATE_METHOD_MATCH = YES;
				COPY_PHASE_STRIP = NO;
				DEBUG_INFORMATION_FORMAT = "dwarf-with-dsym";
				ENABLE_NS_ASSERTIONS = NO;
				ENABLE_STRICT_OBJC_MSGSEND = YES;
				GCC_C_LANGUAGE_STANDARD = gnu11;
				GCC_NO_COMMON_BLOCKS = YES;
				GCC_WARN_64_TO_32_BIT_CONVERSION = YES;
				GCC_WARN_ABOUT_RETURN_TYPE = YES_ERROR;
				GCC_WARN_UNDECLARED_SELECTOR = YES;
				GCC_WARN_UNINITIALIZED_AUTOS = YES_AGGRESSIVE;
				GCC_WARN_UNUSED_FUNCTION = YES;
				GCC_WARN_UNUSED_VARIABLE = YES;
				IPHONEOS_DEPLOYMENT_TARGET = 16.2;
				MTL_ENABLE_DEBUG_INFO = NO;
				MTL_FAST_MATH = YES;
				SDKROOT = iphoneos;
				SWIFT_COMPILATION_MODE = wholemodule;
				SWIFT_OPTIMIZATION_LEVEL = "-O";
				VALIDATE_PRODUCT = YES;
			};
			name = Release;
		};
		6096052929EAE72D00EBC4D4 /* Debug */ = {
			isa = XCBuildConfiguration;
			buildSettings = {
				ASSETCATALOG_COMPILER_APPICON_NAME = AppIcon;
				ASSETCATALOG_COMPILER_GLOBAL_ACCENT_COLOR_NAME = AccentColor;
				CODE_SIGN_STYLE = Automatic;
				CURRENT_PROJECT_VERSION = 1;
				DEVELOPMENT_ASSET_PATHS = "\"TodaysSwiftUI/Preview Content\"";
				DEVELOPMENT_TEAM = 3NP4Z3WZ94;
				ENABLE_PREVIEWS = YES;
				GENERATE_INFOPLIST_FILE = YES;
				INFOPLIST_KEY_UIApplicationSceneManifest_Generation = YES;
				INFOPLIST_KEY_UIApplicationSupportsIndirectInputEvents = YES;
				INFOPLIST_KEY_UILaunchScreen_Generation = YES;
				INFOPLIST_KEY_UISupportedInterfaceOrientations_iPad = "UIInterfaceOrientationPortrait UIInterfaceOrientationPortraitUpsideDown UIInterfaceOrientationLandscapeLeft UIInterfaceOrientationLandscapeRight";
				INFOPLIST_KEY_UISupportedInterfaceOrientations_iPhone = "UIInterfaceOrientationPortrait UIInterfaceOrientationLandscapeLeft UIInterfaceOrientationLandscapeRight";
				LD_RUNPATH_SEARCH_PATHS = (
					"$(inherited)",
					"@executable_path/Frameworks",
				);
				MARKETING_VERSION = 1.0;
				PRODUCT_BUNDLE_IDENTIFIER = com.seuhong.TodaysSwiftUI;
				PRODUCT_NAME = "$(TARGET_NAME)";
				SWIFT_EMIT_LOC_STRINGS = YES;
				SWIFT_VERSION = 5.0;
				TARGETED_DEVICE_FAMILY = "1,2";
			};
			name = Debug;
		};
		6096052A29EAE72D00EBC4D4 /* Release */ = {
			isa = XCBuildConfiguration;
			buildSettings = {
				ASSETCATALOG_COMPILER_APPICON_NAME = AppIcon;
				ASSETCATALOG_COMPILER_GLOBAL_ACCENT_COLOR_NAME = AccentColor;
				CODE_SIGN_STYLE = Automatic;
				CURRENT_PROJECT_VERSION = 1;
				DEVELOPMENT_ASSET_PATHS = "\"TodaysSwiftUI/Preview Content\"";
				DEVELOPMENT_TEAM = 3NP4Z3WZ94;
				ENABLE_PREVIEWS = YES;
				GENERATE_INFOPLIST_FILE = YES;
				INFOPLIST_KEY_UIApplicationSceneManifest_Generation = YES;
				INFOPLIST_KEY_UIApplicationSupportsIndirectInputEvents = YES;
				INFOPLIST_KEY_UILaunchScreen_Generation = YES;
				INFOPLIST_KEY_UISupportedInterfaceOrientations_iPad = "UIInterfaceOrientationPortrait UIInterfaceOrientationPortraitUpsideDown UIInterfaceOrientationLandscapeLeft UIInterfaceOrientationLandscapeRight";
				INFOPLIST_KEY_UISupportedInterfaceOrientations_iPhone = "UIInterfaceOrientationPortrait UIInterfaceOrientationLandscapeLeft UIInterfaceOrientationLandscapeRight";
				LD_RUNPATH_SEARCH_PATHS = (
					"$(inherited)",
					"@executable_path/Frameworks",
				);
				MARKETING_VERSION = 1.0;
				PRODUCT_BUNDLE_IDENTIFIER = com.seuhong.TodaysSwiftUI;
				PRODUCT_NAME = "$(TARGET_NAME)";
				SWIFT_EMIT_LOC_STRINGS = YES;
				SWIFT_VERSION = 5.0;
				TARGETED_DEVICE_FAMILY = "1,2";
			};
			name = Release;
		};
/* End XCBuildConfiguration section */

/* Begin XCConfigurationList section */
		6096051529EAE72C00EBC4D4 /* Build configuration list for PBXProject "TodaysSwiftUI" */ = {
			isa = XCConfigurationList;
			buildConfigurations = (
				6096052629EAE72D00EBC4D4 /* Debug */,
				6096052729EAE72D00EBC4D4 /* Release */,
			);
			defaultConfigurationIsVisible = 0;
			defaultConfigurationName = Release;
		};
		6096052829EAE72D00EBC4D4 /* Build configuration list for PBXNativeTarget "TodaysSwiftUI" */ = {
			isa = XCConfigurationList;
			buildConfigurations = (
				6096052929EAE72D00EBC4D4 /* Debug */,
				6096052A29EAE72D00EBC4D4 /* Release */,
			);
			defaultConfigurationIsVisible = 0;
			defaultConfigurationName = Release;
		};
/* End XCConfigurationList section */
	};
	rootObject = 6096051229EAE72C00EBC4D4 /* Project object */;
}
